Microsoft Visual Studio Solution File, Format Version 8.00
Project("{8BC9CEB8-8B4A-11D0-8D11-00A0C91BC942}") = "DaveDetector", "DaveDetector.vcproj", "{69C8A769-7CEC-4D2A-B189-FE19606577B7}"
	ProjectSection(ProjectDependencies) = postProject
	EndProjectSection
EndProject
Project("{8BC9CEB8-8B4A-11D0-8D11-00A0C91BC942}") = "ExampleApplication", "ExampleApplication.vcproj", "{9F230EC0-DB18-46AC-BB02-DC1E6974A463}"
	ProjectSection(ProjectDependencies) = postProject
	EndProjectSection
EndProject
Project("{8BC9CEB8-8B4A-11D0-8D11-00A0C91BC942}") = "SofaDataAnnotator", "SofaDataAnnotator.vcproj", "{69C8A769-7CEC-4D2A-B189-FE19606577B7}"
	ProjectSection(ProjectDependencies) = postProject
	EndProjectSection
EndProject
Project("{8BC9CEB8-8B4A-11D0-8D11-00A0C91BC942}") = "SofaExampleAnnotator", "SofaExampleAnnotator.vcproj", "{69C8A769-7CEC-4D2A-B189-FE19606577B7}"
	ProjectSection(ProjectDependencies) = postProject
	EndProjectSection
EndProject
Project("{8BC9CEB8-8B4A-11D0-8D11-00A0C91BC942}") = "SofaExampleApplication", "SofaExampleApplication.vcproj", "{9F230EC0-DB18-46AC-BB02-DC1E6974A463}"
	ProjectSection(ProjectDependencies) = postProject
	EndProjectSection
EndProject
Project("{8BC9CEB8-8B4A-11D0-8D11-00A0C91BC942}") = "SofaStreamHandlerFile", "SofaStreamHandlerFile.vcproj", "{69C8A769-7CEC-4D2A-B189-FE19606577B7}"
	ProjectSection(ProjectDependencies) = postProject
	EndProjectSection
EndProject
Project("{8BC9CEB8-8B4A-11D0-8D11-00A0C91BC942}") = "XCasWriterCasConsumer", "XCasWriterCasConsumer.vcproj", "{69C8A769-7CEC-4D2A-B189-FE19606577B7}"
	ProjectSection(ProjectDependencies) = postProject
	EndProjectSection
EndProject
Project("{8BC9CEB8-8B4A-11D0-8D11-00A0C91BC942}") = "SimpleTextSegmenter", "SimpleTextSegmenter.vcproj", "{69C8A769-7CEC-4D2A-B189-FE19606577B7}"
	ProjectSection(ProjectDependencies) = postProject
	EndProjectSection
EndProject
Global
	GlobalSection(SolutionConfiguration) = preSolution
		Debug = Debug
		Release = Release
	EndGlobalSection
	GlobalSection(ProjectConfiguration) = postSolution
		{69C8A769-7CEC-4D2A-B189-FE19606577B7}.Debug.ActiveCfg = Debug|Win32
		{69C8A769-7CEC-4D2A-B189-FE19606577B7}.Debug.Build.0 = Debug|Win32
		{69C8A769-7CEC-4D2A-B189-FE19606577B7}.Release.ActiveCfg = Release|Win32
		{69C8A769-7CEC-4D2A-B189-FE19606577B7}.Release.Build.0 = Release|Win32
		{9F230EC0-DB18-46AC-BB02-DC1E6974A463}.Debug.ActiveCfg = Debug|Win32
		{9F230EC0-DB18-46AC-BB02-DC1E6974A463}.Debug.Build.0 = Debug|Win32
		{9F230EC0-DB18-46AC-BB02-DC1E6974A463}.Release.ActiveCfg = Release|Win32
		{9F230EC0-DB18-46AC-BB02-DC1E6974A463}.Release.Build.0 = Release|Win32
		{69C8A769-7CEC-4D2A-B189-FE19606577B7}.Debug.ActiveCfg = Debug|Win32
		{69C8A769-7CEC-4D2A-B189-FE19606577B7}.Debug.Build.0 = Debug|Win32
		{69C8A769-7CEC-4D2A-B189-FE19606577B7}.Release.ActiveCfg = Release|Win32
		{69C8A769-7CEC-4D2A-B189-FE19606577B7}.Release.Build.0 = Release|Win32
		{69C8A769-7CEC-4D2A-B189-FE19606577B7}.Debug.ActiveCfg = Debug|Win32
		{69C8A769-7CEC-4D2A-B189-FE19606577B7}.Debug.Build.0 = Debug|Win32
		{69C8A769-7CEC-4D2A-B189-FE19606577B7}.Release.ActiveCfg = Release|Win32
		{69C8A769-7CEC-4D2A-B189-FE19606577B7}.Release.Build.0 = Release|Win32
		{9F230EC0-DB18-46AC-BB02-DC1E6974A463}.Debug.ActiveCfg = Debug|Win32
		{9F230EC0-DB18-46AC-BB02-DC1E6974A463}.Debug.Build.0 = Debug|Win32
		{9F230EC0-DB18-46AC-BB02-DC1E6974A463}.Release.ActiveCfg = Release|Win32
		{9F230EC0-DB18-46AC-BB02-DC1E6974A463}.Release.Build.0 = Release|Win32
		{69C8A769-7CEC-4D2A-B189-FE19606577B7}.Debug.ActiveCfg = Debug|Win32
		{69C8A769-7CEC-4D2A-B189-FE19606577B7}.Debug.Build.0 = Debug|Win32
		{69C8A769-7CEC-4D2A-B189-FE19606577B7}.Release.ActiveCfg = Release|Win32
		{69C8A769-7CEC-4D2A-B189-FE19606577B7}.Release.Build.0 = Release|Win32
		{69C8A769-7CEC-4D2A-B189-FE19606577B7}.Debug.ActiveCfg = Debug|Win32
		{69C8A769-7CEC-4D2A-B189-FE19606577B7}.Debug.Build.0 = Debug|Win32
		{69C8A769-7CEC-4D2A-B189-FE19606577B7}.Release.ActiveCfg = Release|Win32
		{69C8A769-7CEC-4D2A-B189-FE19606577B7}.Release.Build.0 = Release|Win32
		{69C8A769-7CEC-4D2A-B189-FE19606577B7}.Debug.ActiveCfg = Debug|Win32
		{69C8A769-7CEC-4D2A-B189-FE19606577B7}.Debug.Build.0 = Debug|Win32
		{69C8A769-7CEC-4D2A-B189-FE19606577B7}.Release.ActiveCfg = Release|Win32
		{69C8A769-7CEC-4D2A-B189-FE19606577B7}.Release.Build.0 = Release|Win32
	EndGlobalSection
	GlobalSection(ExtensibilityGlobals) = postSolution
	EndGlobalSection
	GlobalSection(ExtensibilityAddIns) = postSolution
	EndGlobalSection
EndGlobal
